# THIS IS AN AUTOGENERATED FILE. DO NOT EDIT THIS FILE DIRECTLY.
# yarn lockfile v1


geodistance-super@^1.0.0:
  version "1.0.0"
  resolved "https://registry.yarnpkg.com/geodistance-super/-/geodistance-super-1.0.0.tgz#40eb56dc5eb111a4e8591424060c7f21288b349e"
  integrity sha512-ZLv6QcVwGiPc6XeQXNV4Lnva7B3FoH4AIHLiDv/1E/reamu0HGLeqFwfLS0I4Aj5M1jg0zn/wMq2L0KiBfGR4w==
